
Microsoft Visual Studio Solution File, Format Version 12.00
# Visual Studio Version 16
VisualStudioVersion = 16.0.30523.141
MinimumVisualStudioVersion = 10.0.40219.1
Project("{FAE04EC0-301F-11D3-BF4B-00C04F79EFBC}") = "SecretSantaProject", "SecretSantaProject.csproj", "{225C4DD6-C890-434D-81EC-E98678335E32}"
EndProject
Global
	GlobalSection(SolutionConfigurationPlatforms) = preSolution
		Debug|Any CPU = Debug|Any CPU
		Release|Any CPU = Release|Any CPU
	EndGlobalSection
	GlobalSection(ProjectConfigurationPlatforms) = postSolution
		{225C4DD6-C890-434D-81EC-E98678335E32}.Debug|Any CPU.ActiveCfg = Debug|Any CPU
		{225C4DD6-C890-434D-81EC-E98678335E32}.Debug|Any CPU.Build.0 = Debug|Any CPU
		{225C4DD6-C890-434D-81EC-E98678335E32}.Release|Any CPU.ActiveCfg = Release|Any CPU
		{225C4DD6-C890-434D-81EC-E98678335E32}.Release|Any CPU.Build.0 = Release|Any CPU
	EndGlobalSection
	GlobalSection(SolutionProperties) = preSolution
		HideSolutionNode = FALSE
	EndGlobalSection
	GlobalSection(ExtensibilityGlobals) = postSolution
		SolutionGuid = {494DC360-983A-4DB4-ACFD-F84D2CC06051}
	EndGlobalSection
EndGlobal
